{
  "name": "discordeno",
  "version": "1.0.0",
  "lockfileVersion": 3,
  "requires": true,
  "packages": {
    "": {
      "dependencies": {
        "discordeno": "^21.0.0"
      },
      "devDependencies": {
        "@types/node": "^26.2.0",
        "typescript": "^5.9.3"
      }
    },
    "node_modules/@discordeno/bot": {
      "version": "21.0.0",
      "resolved": "https://registry.npmjs.org/@discordeno/bot/-/bot-21.0.0.tgz",
      "integrity": "sha512-x6EcVHBvWIhjY5/lcwgZzzCiqdpKFZqu2qUaZqKb7RYS8L8Q8zY40hCnbToVehLB8+BGcnHzxCeEvWWg8tnT/g==",
      "license": "Apache-2.0",
      "dependencies": {
        "@discordeno/gateway": "21.0.0",
        "@discordeno/rest": "21.0.0",
        "@discordeno/types": "21.0.0",
        "@discordeno/utils": "21.0.0"
      }
    },
    "node_modules/@discordeno/gateway": {
      "version": "21.0.0",
      "resolved": "https://registry.npmjs.org/@discordeno/gateway/-/gateway-21.0.0.tgz",
      "integrity": "sha512-ur5Hatd1x86PPI4UnXKghAWat3vS90NvLJcpOSu1B1gYSENRZow8dohZ8Ov58SXWq5nZVuBYDJNCR248pWJvrg==",
      "license": "Apache-2.0",
      "dependencies": {
        "@discordeno/types": "21.0.0",
        "@discordeno/utils": "21.0.0",
        "ws": "^8.18.0"
      },
      "optionalDependencies": {
        "fzstd": "^0.1.1"
      }
    },
    "node_modules/@discordeno/rest": {
      "version": "21.0.0",
      "resolved": "https://registry.npmjs.org/@discordeno/rest/-/rest-21.0.0.tgz",
      "integrity": "sha512-ew5ddhUd7Qyv/GSzCy42bEmRv0yr2PspCMsLD/NeMiTLd3+OrVN5pAxBN9z+9JpS/daiiD/PVmvuUAVx/nXTEw==",
      "license": "Apache-2.0",
      "dependencies": {
        "@discordeno/types": "21.0.0",
        "@discordeno/utils": "21.0.0"
      }
    },
    "node_modules/@discordeno/types": {
      "version": "21.0.0",
      "resolved": "https://registry.npmjs.org/@discordeno/types/-/types-21.0.0.tgz",
      "integrity": "sha512-TUZAEqqlXRNQji+NCaQo8DruzI8rXbBvMaZYsZvN9f03PrdSddzMOy3cjs4eeL6ZMVocmMVRIaVnB713blylCw==",
      "license": "Apache-2.0"
    },
    "node_modules/@discordeno/utils": {
      "version": "21.0.0",
      "resolved": "https://registry.npmjs.org/@discordeno/utils/-/utils-21.0.0.tgz",
      "integrity": "sha512-I7I3Szlk+LkT/CRmJJiLPsjuBUjbuXUCvOzsgWCltkxDMIGmQeNoQtFK7t89V1Gcc4icsrnHVMho1BcaAITijg==",
      "license": "Apache-2.0",
      "dependencies": {
        "@discordeno/types": "21.0.0"
      }
    },
    "node_modules/@types/node": {
      "version": "26.2.0",
      "resolved": "https://registry.npmjs.org/@types/node/-/node-26.2.0.tgz",
      "integrity": "sha512-5IviulTZeRNp2vAJ514cc/HUlY5nZ9fCbq9DMyC52BrhFZACo3nI0R7qBxhQmo/d27NFe96ur/b7Wwxklda+kg==",
      "dev": true,
      "license": "MIT",
      "dependencies": {
        "undici-types": "~8.3.0"
      }
    },
    "node_modules/discordeno": {
      "version": "21.0.0",
      "resolved": "https://registry.npmjs.org/discordeno/-/discordeno-21.0.0.tgz",
      "integrity": "sha512-NX1x5GtHbrNhpeahfHw+2A6/3bpec2obNjIZ/mkBUGWcpLWG/ZgJSIkkdQIxcrnQ3loQooo/5IpBucnFTiGATA==",
      "license": "Apache-2.0",
      "dependencies": {
        "@discordeno/bot": "21.0.0",
        "@discordeno/gateway": "21.0.0",
        "@discordeno/rest": "21.0.0",
        "@discordeno/types": "21.0.0",
        "@discordeno/utils": "21.0.0"
      }
    },
    "node_modules/fzstd": {
      "version": "0.1.1",
      "resolved": "https://registry.npmjs.org/fzstd/-/fzstd-0.1.1.tgz",
      "integrity": "sha512-dkuVSOKKwh3eas5VkJy1AW1vFpet8TA/fGmVA5krThl8YcOVE/8ZIoEA1+U1vEn5ckxxhLirSdY837azmbaNHA==",
      "license": "MIT",
      "optional": true
    },
    "node_modules/typescript": {
      "version": "5.9.3",
      "resolved": "https://registry.npmjs.org/typescript/-/typescript-5.9.3.tgz",
      "integrity": "sha512-jl1vZzPDinLr9eUt3J/t7V6FgNEw9QjvBPdysz9KfQDD41fQrC2Y4vKQdiaUpFT4bXlb1RHhLpp8wtm6M5TgSw==",
      "dev": true,
      "license": "Apache-2.0",
      "bin": {
        "tsc": "bin/tsc",
        "tsserver": "bin/tsserver"
      },
      "engines": {
        "node": ">=14.17"
      }
    },
    "node_modules/undici-types": {
      "version": "8.3.0",
      "resolved": "https://registry.npmjs.org/undici-types/-/undici-types-8.3.0.tgz",
      "integrity": "sha512-j375ScV60dom+YkPFIfTLcOiPxkN/buHz5GobjLhixFuANaNs3C9l4GmrWqejgXWJ7BbJcFYpTEUkS1Ge8bpZQ==",
      "dev": true,
      "license": "MIT"
    },
    "node_modules/ws": {
      "version": "8.21.3",
      "resolved": "https://registry.npmjs.org/ws/-/ws-8.21.3.tgz",
      "integrity": "sha512-201TZ/kPWxoPr/OKWjquZR1SWKXcvxdH+e1xrx89b3YbmzLMFCLfnaG1HFIgWzJOEWZ7MvpK++odZufgYR50Rw==",
      "license": "MIT",
      "engines": {
        "node": ">=10.0.0"
      },
      "peerDependencies": {
        "bufferutil": "^4.0.1",
        "utf-8-validate": ">=5.0.2"
      },
      "peerDependenciesMeta": {
        "bufferutil": {
          "optional": true
        },
        "utf-8-validate": {
          "optional": true
        }
      }
    }
  }
}
